
Microsoft Visual Studio Solution File, Format Version 12.00
# Visual Studio Version 17
VisualStudioVersion = 17.0.31903.59
MinimumVisualStudioVersion = 10.0.40219.1
Project("{9A19103F-16F7-4668-BE54-9A1E7A4F7556}") = "Venice.Orders.Api", "src\Venice.Orders.Api\Venice.Orders.Api.csproj", "{5C0146D5-F0F1-470A-B802-7658B1C2B980}"
EndProject
Project("{9A19103F-16F7-4668-BE54-9A1E7A4F7556}") = "Venice.Orders.Application", "src\Venice.Orders.Application\Venice.Orders.Application.csproj", "{00C785BC-ACE6-4D06-84E2-A1E266D0A1AE}"
EndProject
Project("{9A19103F-16F7-4668-BE54-9A1E7A4F7556}") = "Venice.Orders.Domain", "src\Venice.Orders.Domain\Venice.Orders.Domain.csproj", "{03CDAFF1-5FB3-4EBB-BADB-E32AEBAFCD70}"
EndProject
Project("{9A19103F-16F7-4668-BE54-9A1E7A4F7556}") = "Venice.Orders.SqlServer", "src\Venice.Orders.SqlServer\Venice.Orders.SqlServer.csproj", "{9FAD1444-09F2-433C-9EB4-1D98C8D4BFD1}"
EndProject
Project("{9A19103F-16F7-4668-BE54-9A1E7A4F7556}") = "Venice.Orders.Tests", "test\Venice.Orders.Tests\Venice.Orders.Tests.csproj", "{16E11933-2E93-4A4E-8CFB-3DDA11B6A599}"
EndProject
Project("{2150E333-8FDC-42A3-9474-1A3956D46DE8}") = "0 - Presentation", "0 - Presentation", "{3C8C94A2-ECDB-46BE-BA2A-B24C9CAA6679}"
EndProject
Project("{2150E333-8FDC-42A3-9474-1A3956D46DE8}") = "1 - Application", "1 - Application", "{7FA7513E-FE8F-4D8A-BC08-AA70E1EE9FCA}"
EndProject
Project("{2150E333-8FDC-42A3-9474-1A3956D46DE8}") = "2 - Domain", "2 - Domain", "{2EB4B898-D4F4-4920-8542-2E15691E0A41}"
EndProject
Project("{2150E333-8FDC-42A3-9474-1A3956D46DE8}") = "3 - Infrastructure", "3 - Infrastructure", "{7B40367D-B54D-4C63-96BE-E2837FCC0CAE}"
EndProject
Project("{2150E333-8FDC-42A3-9474-1A3956D46DE8}") = "5 - test", "5 - test", "{0AB05FA0-9F7E-4E0D-8D70-E7BB9E5FC23B}"
EndProject
Project("{2150E333-8FDC-42A3-9474-1A3956D46DE8}") = "Persistence", "Persistence", "{BCBAEBB2-9FE8-48A7-9566-294E065BBD69}"
EndProject
Project("{2150E333-8FDC-42A3-9474-1A3956D46DE8}") = "Messaging", "Messaging", "{965F80AF-83FD-493D-AF5F-CCDD6D08A10E}"
EndProject
Project("{9A19103F-16F7-4668-BE54-9A1E7A4F7556}") = "Venice.Orders.MongoDB", "src\Venice.Orders.MongoDB\Venice.Orders.MongoDB.csproj", "{2A01A931-7884-411F-A432-57720F176C4D}"
EndProject
Project("{9A19103F-16F7-4668-BE54-9A1E7A4F7556}") = "Venice.Orders.RabbitMQ", "src\Venice.Orders.RabbitMQ\Venice.Orders.RabbitMQ.csproj", "{84289513-1C16-417B-ACE9-0D7B6FEF158D}"
EndProject
Project("{2150E333-8FDC-42A3-9474-1A3956D46DE8}") = "Caching", "Caching", "{850B9DE2-3AF5-4432-B805-7E1B85DEDDA7}"
EndProject
Project("{9A19103F-16F7-4668-BE54-9A1E7A4F7556}") = "Venice.Orders.Redis", "src\Venice.Orders.Redis\Venice.Orders.Redis.csproj", "{FE68A86C-3493-482D-B4D2-2A18508741A8}"
EndProject
Project("{2150E333-8FDC-42A3-9474-1A3956D46DE8}") = "4 - CrossCutting", "4 - CrossCutting", "{DA3B1B65-E706-4EAA-BB85-E1905AAFCDD5}"
EndProject
Project("{FAE04EC0-301F-11D3-BF4B-00C04F79EFBC}") = "Venice.Orders.CrossCutting.IoC", "src\Venice.Orders.CrossCutting.IoC\Venice.Orders.CrossCutting.IoC.csproj", "{4D5F44D3-5081-43CD-AC29-B825EF4892BA}"
EndProject
Project("{FAE04EC0-301F-11D3-BF4B-00C04F79EFBC}") = "Venice.Orders.CrossCutting.Shareable", "src\Venice.Orders.CrossCutting.Shareable\Venice.Orders.CrossCutting.Shareable.csproj", "{3ED2A4A6-06A0-4939-9BAC-E0B81E718B21}"
EndProject
Global
	GlobalSection(SolutionConfigurationPlatforms) = preSolution
		Debug|Any CPU = Debug|Any CPU
		Debug|x64 = Debug|x64
		Debug|x86 = Debug|x86
		Release|Any CPU = Release|Any CPU
		Release|x64 = Release|x64
		Release|x86 = Release|x86
	EndGlobalSection
	GlobalSection(ProjectConfigurationPlatforms) = postSolution
		{5C0146D5-F0F1-470A-B802-7658B1C2B980}.Debug|Any CPU.ActiveCfg = Debug|Any CPU
		{5C0146D5-F0F1-470A-B802-7658B1C2B980}.Debug|Any CPU.Build.0 = Debug|Any CPU
		{5C0146D5-F0F1-470A-B802-7658B1C2B980}.Debug|x64.ActiveCfg = Debug|Any CPU
		{5C0146D5-F0F1-470A-B802-7658B1C2B980}.Debug|x64.Build.0 = Debug|Any CPU
		{5C0146D5-F0F1-470A-B802-7658B1C2B980}.Debug|x86.ActiveCfg = Debug|Any CPU
		{5C0146D5-F0F1-470A-B802-7658B1C2B980}.Debug|x86.Build.0 = Debug|Any CPU
		{5C0146D5-F0F1-470A-B802-7658B1C2B980}.Release|Any CPU.ActiveCfg = Release|Any CPU
		{5C0146D5-F0F1-470A-B802-7658B1C2B980}.Release|Any CPU.Build.0 = Release|Any CPU
		{5C0146D5-F0F1-470A-B802-7658B1C2B980}.Release|x64.ActiveCfg = Release|Any CPU
		{5C0146D5-F0F1-470A-B802-7658B1C2B980}.Release|x64.Build.0 = Release|Any CPU
		{5C0146D5-F0F1-470A-B802-7658B1C2B980}.Release|x86.ActiveCfg = Release|Any CPU
		{5C0146D5-F0F1-470A-B802-7658B1C2B980}.Release|x86.Build.0 = Release|Any CPU
		{00C785BC-ACE6-4D06-84E2-A1E266D0A1AE}.Debug|Any CPU.ActiveCfg = Debug|Any CPU
		{00C785BC-ACE6-4D06-84E2-A1E266D0A1AE}.Debug|Any CPU.Build.0 = Debug|Any CPU
		{00C785BC-ACE6-4D06-84E2-A1E266D0A1AE}.Debug|x64.ActiveCfg = Debug|Any CPU
		{00C785BC-ACE6-4D06-84E2-A1E266D0A1AE}.Debug|x64.Build.0 = Debug|Any CPU
		{00C785BC-ACE6-4D06-84E2-A1E266D0A1AE}.Debug|x86.ActiveCfg = Debug|Any CPU
		{00C785BC-ACE6-4D06-84E2-A1E266D0A1AE}.Debug|x86.Build.0 = Debug|Any CPU
		{00C785BC-ACE6-4D06-84E2-A1E266D0A1AE}.Release|Any CPU.ActiveCfg = Release|Any CPU
		{00C785BC-ACE6-4D06-84E2-A1E266D0A1AE}.Release|Any CPU.Build.0 = Release|Any CPU
		{00C785BC-ACE6-4D06-84E2-A1E266D0A1AE}.Release|x64.ActiveCfg = Release|Any CPU
		{00C785BC-ACE6-4D06-84E2-A1E266D0A1AE}.Release|x64.Build.0 = Release|Any CPU
		{00C785BC-ACE6-4D06-84E2-A1E266D0A1AE}.Release|x86.ActiveCfg = Release|Any CPU
		{00C785BC-ACE6-4D06-84E2-A1E266D0A1AE}.Release|x86.Build.0 = Release|Any CPU
		{03CDAFF1-5FB3-4EBB-BADB-E32AEBAFCD70}.Debug|Any CPU.ActiveCfg = Debug|Any CPU
		{03CDAFF1-5FB3-4EBB-BADB-E32AEBAFCD70}.Debug|Any CPU.Build.0 = Debug|Any CPU
		{03CDAFF1-5FB3-4EBB-BADB-E32AEBAFCD70}.Debug|x64.ActiveCfg = Debug|Any CPU
		{03CDAFF1-5FB3-4EBB-BADB-E32AEBAFCD70}.Debug|x64.Build.0 = Debug|Any CPU
		{03CDAFF1-5FB3-4EBB-BADB-E32AEBAFCD70}.Debug|x86.ActiveCfg = Debug|Any CPU
		{03CDAFF1-5FB3-4EBB-BADB-E32AEBAFCD70}.Debug|x86.Build.0 = Debug|Any CPU
		{03CDAFF1-5FB3-4EBB-BADB-E32AEBAFCD70}.Release|Any CPU.ActiveCfg = Release|Any CPU
		{03CDAFF1-5FB3-4EBB-BADB-E32AEBAFCD70}.Release|Any CPU.Build.0 = Release|Any CPU
		{03CDAFF1-5FB3-4EBB-BADB-E32AEBAFCD70}.Release|x64.ActiveCfg = Release|Any CPU
		{03CDAFF1-5FB3-4EBB-BADB-E32AEBAFCD70}.Release|x64.Build.0 = Release|Any CPU
		{03CDAFF1-5FB3-4EBB-BADB-E32AEBAFCD70}.Release|x86.ActiveCfg = Release|Any CPU
		{03CDAFF1-5FB3-4EBB-BADB-E32AEBAFCD70}.Release|x86.Build.0 = Release|Any CPU
		{9FAD1444-09F2-433C-9EB4-1D98C8D4BFD1}.Debug|Any CPU.ActiveCfg = Debug|Any CPU
		{9FAD1444-09F2-433C-9EB4-1D98C8D4BFD1}.Debug|Any CPU.Build.0 = Debug|Any CPU
		{9FAD1444-09F2-433C-9EB4-1D98C8D4BFD1}.Debug|x64.ActiveCfg = Debug|Any CPU
		{9FAD1444-09F2-433C-9EB4-1D98C8D4BFD1}.Debug|x64.Build.0 = Debug|Any CPU
		{9FAD1444-09F2-433C-9EB4-1D98C8D4BFD1}.Debug|x86.ActiveCfg = Debug|Any CPU
		{9FAD1444-09F2-433C-9EB4-1D98C8D4BFD1}.Debug|x86.Build.0 = Debug|Any CPU
		{9FAD1444-09F2-433C-9EB4-1D98C8D4BFD1}.Release|Any CPU.ActiveCfg = Release|Any CPU
		{9FAD1444-09F2-433C-9EB4-1D98C8D4BFD1}.Release|Any CPU.Build.0 = Release|Any CPU
		{9FAD1444-09F2-433C-9EB4-1D98C8D4BFD1}.Release|x64.ActiveCfg = Release|Any CPU
		{9FAD1444-09F2-433C-9EB4-1D98C8D4BFD1}.Release|x64.Build.0 = Release|Any CPU
		{9FAD1444-09F2-433C-9EB4-1D98C8D4BFD1}.Release|x86.ActiveCfg = Release|Any CPU
		{9FAD1444-09F2-433C-9EB4-1D98C8D4BFD1}.Release|x86.Build.0 = Release|Any CPU
		{16E11933-2E93-4A4E-8CFB-3DDA11B6A599}.Debug|Any CPU.ActiveCfg = Debug|Any CPU
		{16E11933-2E93-4A4E-8CFB-3DDA11B6A599}.Debug|Any CPU.Build.0 = Debug|Any CPU
		{16E11933-2E93-4A4E-8CFB-3DDA11B6A599}.Debug|x64.ActiveCfg = Debug|Any CPU
		{16E11933-2E93-4A4E-8CFB-3DDA11B6A599}.Debug|x64.Build.0 = Debug|Any CPU
		{16E11933-2E93-4A4E-8CFB-3DDA11B6A599}.Debug|x86.ActiveCfg = Debug|Any CPU
		{16E11933-2E93-4A4E-8CFB-3DDA11B6A599}.Debug|x86.Build.0 = Debug|Any CPU
		{16E11933-2E93-4A4E-8CFB-3DDA11B6A599}.Release|Any CPU.ActiveCfg = Release|Any CPU
		{16E11933-2E93-4A4E-8CFB-3DDA11B6A599}.Release|Any CPU.Build.0 = Release|Any CPU
		{16E11933-2E93-4A4E-8CFB-3DDA11B6A599}.Release|x64.ActiveCfg = Release|Any CPU
		{16E11933-2E93-4A4E-8CFB-3DDA11B6A599}.Release|x64.Build.0 = Release|Any CPU
		{16E11933-2E93-4A4E-8CFB-3DDA11B6A599}.Release|x86.ActiveCfg = Release|Any CPU
		{16E11933-2E93-4A4E-8CFB-3DDA11B6A599}.Release|x86.Build.0 = Release|Any CPU
		{2A01A931-7884-411F-A432-57720F176C4D}.Debug|Any CPU.ActiveCfg = Debug|Any CPU
		{2A01A931-7884-411F-A432-57720F176C4D}.Debug|Any CPU.Build.0 = Debug|Any CPU
		{2A01A931-7884-411F-A432-57720F176C4D}.Debug|x64.ActiveCfg = Debug|Any CPU
		{2A01A931-7884-411F-A432-57720F176C4D}.Debug|x64.Build.0 = Debug|Any CPU
		{2A01A931-7884-411F-A432-57720F176C4D}.Debug|x86.ActiveCfg = Debug|Any CPU
		{2A01A931-7884-411F-A432-57720F176C4D}.Debug|x86.Build.0 = Debug|Any CPU
		{2A01A931-7884-411F-A432-57720F176C4D}.Release|Any CPU.ActiveCfg = Release|Any CPU
		{2A01A931-7884-411F-A432-57720F176C4D}.Release|Any CPU.Build.0 = Release|Any CPU
		{2A01A931-7884-411F-A432-57720F176C4D}.Release|x64.ActiveCfg = Release|Any CPU
		{2A01A931-7884-411F-A432-57720F176C4D}.Release|x64.Build.0 = Release|Any CPU
		{2A01A931-7884-411F-A432-57720F176C4D}.Release|x86.ActiveCfg = Release|Any CPU
		{2A01A931-7884-411F-A432-57720F176C4D}.Release|x86.Build.0 = Release|Any CPU
		{84289513-1C16-417B-ACE9-0D7B6FEF158D}.Debug|Any CPU.ActiveCfg = Debug|Any CPU
		{84289513-1C16-417B-ACE9-0D7B6FEF158D}.Debug|Any CPU.Build.0 = Debug|Any CPU
		{84289513-1C16-417B-ACE9-0D7B6FEF158D}.Debug|x64.ActiveCfg = Debug|Any CPU
		{84289513-1C16-417B-ACE9-0D7B6FEF158D}.Debug|x64.Build.0 = Debug|Any CPU
		{84289513-1C16-417B-ACE9-0D7B6FEF158D}.Debug|x86.ActiveCfg = Debug|Any CPU
		{84289513-1C16-417B-ACE9-0D7B6FEF158D}.Debug|x86.Build.0 = Debug|Any CPU
		{84289513-1C16-417B-ACE9-0D7B6FEF158D}.Release|Any CPU.ActiveCfg = Release|Any CPU
		{84289513-1C16-417B-ACE9-0D7B6FEF158D}.Release|Any CPU.Build.0 = Release|Any CPU
		{84289513-1C16-417B-ACE9-0D7B6FEF158D}.Release|x64.ActiveCfg = Release|Any CPU
		{84289513-1C16-417B-ACE9-0D7B6FEF158D}.Release|x64.Build.0 = Release|Any CPU
		{84289513-1C16-417B-ACE9-0D7B6FEF158D}.Release|x86.ActiveCfg = Release|Any CPU
		{84289513-1C16-417B-ACE9-0D7B6FEF158D}.Release|x86.Build.0 = Release|Any CPU
		{FE68A86C-3493-482D-B4D2-2A18508741A8}.Debug|Any CPU.ActiveCfg = Debug|Any CPU
		{FE68A86C-3493-482D-B4D2-2A18508741A8}.Debug|Any CPU.Build.0 = Debug|Any CPU
		{FE68A86C-3493-482D-B4D2-2A18508741A8}.Debug|x64.ActiveCfg = Debug|Any CPU
		{FE68A86C-3493-482D-B4D2-2A18508741A8}.Debug|x64.Build.0 = Debug|Any CPU
		{FE68A86C-3493-482D-B4D2-2A18508741A8}.Debug|x86.ActiveCfg = Debug|Any CPU
		{FE68A86C-3493-482D-B4D2-2A18508741A8}.Debug|x86.Build.0 = Debug|Any CPU
		{FE68A86C-3493-482D-B4D2-2A18508741A8}.Release|Any CPU.ActiveCfg = Release|Any CPU
		{FE68A86C-3493-482D-B4D2-2A18508741A8}.Release|Any CPU.Build.0 = Release|Any CPU
		{FE68A86C-3493-482D-B4D2-2A18508741A8}.Release|x64.ActiveCfg = Release|Any CPU
		{FE68A86C-3493-482D-B4D2-2A18508741A8}.Release|x64.Build.0 = Release|Any CPU
		{FE68A86C-3493-482D-B4D2-2A18508741A8}.Release|x86.ActiveCfg = Release|Any CPU
		{FE68A86C-3493-482D-B4D2-2A18508741A8}.Release|x86.Build.0 = Release|Any CPU
		{4D5F44D3-5081-43CD-AC29-B825EF4892BA}.Debug|Any CPU.ActiveCfg = Debug|Any CPU
		{4D5F44D3-5081-43CD-AC29-B825EF4892BA}.Debug|Any CPU.Build.0 = Debug|Any CPU
		{4D5F44D3-5081-43CD-AC29-B825EF4892BA}.Debug|x64.ActiveCfg = Debug|Any CPU
		{4D5F44D3-5081-43CD-AC29-B825EF4892BA}.Debug|x64.Build.0 = Debug|Any CPU
		{4D5F44D3-5081-43CD-AC29-B825EF4892BA}.Debug|x86.ActiveCfg = Debug|Any CPU
		{4D5F44D3-5081-43CD-AC29-B825EF4892BA}.Debug|x86.Build.0 = Debug|Any CPU
		{4D5F44D3-5081-43CD-AC29-B825EF4892BA}.Release|Any CPU.ActiveCfg = Release|Any CPU
		{4D5F44D3-5081-43CD-AC29-B825EF4892BA}.Release|Any CPU.Build.0 = Release|Any CPU
		{4D5F44D3-5081-43CD-AC29-B825EF4892BA}.Release|x64.ActiveCfg = Release|Any CPU
		{4D5F44D3-5081-43CD-AC29-B825EF4892BA}.Release|x64.Build.0 = Release|Any CPU
		{4D5F44D3-5081-43CD-AC29-B825EF4892BA}.Release|x86.ActiveCfg = Release|Any CPU
		{4D5F44D3-5081-43CD-AC29-B825EF4892BA}.Release|x86.Build.0 = Release|Any CPU
		{3ED2A4A6-06A0-4939-9BAC-E0B81E718B21}.Debug|Any CPU.ActiveCfg = Debug|Any CPU
		{3ED2A4A6-06A0-4939-9BAC-E0B81E718B21}.Debug|Any CPU.Build.0 = Debug|Any CPU
		{3ED2A4A6-06A0-4939-9BAC-E0B81E718B21}.Debug|x64.ActiveCfg = Debug|Any CPU
		{3ED2A4A6-06A0-4939-9BAC-E0B81E718B21}.Debug|x64.Build.0 = Debug|Any CPU
		{3ED2A4A6-06A0-4939-9BAC-E0B81E718B21}.Debug|x86.ActiveCfg = Debug|Any CPU
		{3ED2A4A6-06A0-4939-9BAC-E0B81E718B21}.Debug|x86.Build.0 = Debug|Any CPU
		{3ED2A4A6-06A0-4939-9BAC-E0B81E718B21}.Release|Any CPU.ActiveCfg = Release|Any CPU
		{3ED2A4A6-06A0-4939-9BAC-E0B81E718B21}.Release|Any CPU.Build.0 = Release|Any CPU
		{3ED2A4A6-06A0-4939-9BAC-E0B81E718B21}.Release|x64.ActiveCfg = Release|Any CPU
		{3ED2A4A6-06A0-4939-9BAC-E0B81E718B21}.Release|x64.Build.0 = Release|Any CPU
		{3ED2A4A6-06A0-4939-9BAC-E0B81E718B21}.Release|x86.ActiveCfg = Release|Any CPU
		{3ED2A4A6-06A0-4939-9BAC-E0B81E718B21}.Release|x86.Build.0 = Release|Any CPU
	EndGlobalSection
	GlobalSection(SolutionProperties) = preSolution
		HideSolutionNode = FALSE
	EndGlobalSection
	GlobalSection(NestedProjects) = preSolution
		{5C0146D5-F0F1-470A-B802-7658B1C2B980} = {3C8C94A2-ECDB-46BE-BA2A-B24C9CAA6679}
		{00C785BC-ACE6-4D06-84E2-A1E266D0A1AE} = {7FA7513E-FE8F-4D8A-BC08-AA70E1EE9FCA}
		{03CDAFF1-5FB3-4EBB-BADB-E32AEBAFCD70} = {2EB4B898-D4F4-4920-8542-2E15691E0A41}
		{9FAD1444-09F2-433C-9EB4-1D98C8D4BFD1} = {BCBAEBB2-9FE8-48A7-9566-294E065BBD69}
		{16E11933-2E93-4A4E-8CFB-3DDA11B6A599} = {0AB05FA0-9F7E-4E0D-8D70-E7BB9E5FC23B}
		{BCBAEBB2-9FE8-48A7-9566-294E065BBD69} = {7B40367D-B54D-4C63-96BE-E2837FCC0CAE}
		{965F80AF-83FD-493D-AF5F-CCDD6D08A10E} = {7B40367D-B54D-4C63-96BE-E2837FCC0CAE}
		{2A01A931-7884-411F-A432-57720F176C4D} = {BCBAEBB2-9FE8-48A7-9566-294E065BBD69}
		{84289513-1C16-417B-ACE9-0D7B6FEF158D} = {965F80AF-83FD-493D-AF5F-CCDD6D08A10E}
		{850B9DE2-3AF5-4432-B805-7E1B85DEDDA7} = {7B40367D-B54D-4C63-96BE-E2837FCC0CAE}
		{FE68A86C-3493-482D-B4D2-2A18508741A8} = {850B9DE2-3AF5-4432-B805-7E1B85DEDDA7}
		{4D5F44D3-5081-43CD-AC29-B825EF4892BA} = {DA3B1B65-E706-4EAA-BB85-E1905AAFCDD5}
		{3ED2A4A6-06A0-4939-9BAC-E0B81E718B21} = {DA3B1B65-E706-4EAA-BB85-E1905AAFCDD5}
	EndGlobalSection
	GlobalSection(ExtensibilityGlobals) = postSolution
		SolutionGuid = {F5D5F1BF-37E6-4BFE-9BDC-FC47CEFF0FF6}
	EndGlobalSection
EndGlobal
